
Microsoft Visual Studio Solution File, Format Version 12.00
# Visual Studio Version 16
VisualStudioVersion = 16.0.31424.327
MinimumVisualStudioVersion = 10.0.40219.1
Project("{FAE04EC0-301F-11D3-BF4B-00C04F79EFBC}") = "Guitarist", "Guitarist.csproj", "{8A675CF6-2069-42C9-8B6A-D1FCE4364C14}"
EndProject
Global
	GlobalSection(SolutionConfigurationPlatforms) = preSolution
		Debug|Any CPU = Debug|Any CPU
		Release|Any CPU = Release|Any CPU
	EndGlobalSection
	GlobalSection(ProjectConfigurationPlatforms) = postSolution
		{8A675CF6-2069-42C9-8B6A-D1FCE4364C14}.Debug|Any CPU.ActiveCfg = Debug|Any CPU
		{8A675CF6-2069-42C9-8B6A-D1FCE4364C14}.Debug|Any CPU.Build.0 = Debug|Any CPU
		{8A675CF6-2069-42C9-8B6A-D1FCE4364C14}.Release|Any CPU.ActiveCfg = Release|Any CPU
		{8A675CF6-2069-42C9-8B6A-D1FCE4364C14}.Release|Any CPU.Build.0 = Release|Any CPU
	EndGlobalSection
	GlobalSection(SolutionProperties) = preSolution
		HideSolutionNode = FALSE
	EndGlobalSection
	GlobalSection(ExtensibilityGlobals) = postSolution
		SolutionGuid = {A72FA87A-8772-4ACC-A888-11D647DFEE7A}
	EndGlobalSection
EndGlobal
